
Microsoft Visual Studio Solution File, Format Version 12.00
# Visual Studio Version 17
VisualStudioVersion = 17.9.34714.143
MinimumVisualStudioVersion = 10.0.40219.1
Project("{FAE04EC0-301F-11D3-BF4B-00C04F79EFBC}") = "Garage", "Garage\Garage.csproj", "{7041F87F-B7E9-4C00-B1B5-27C8FFCEBAAA}"
EndProject
Project("{2150E333-8FDC-42A3-9474-1A3956D46DE8}") = "Solution Items", "Solution Items", "{F47C2D20-9B51-482C-A14A-B1D06337A259}"
	ProjectSection(SolutionItems) = preProject
		.editorconfig = .editorconfig
	EndProjectSection
EndProject
Global
	GlobalSection(SolutionConfigurationPlatforms) = preSolution
		Debug|Any CPU = Debug|Any CPU
		Release|Any CPU = Release|Any CPU
	EndGlobalSection
	GlobalSection(ProjectConfigurationPlatforms) = postSolution
		{7041F87F-B7E9-4C00-B1B5-27C8FFCEBAAA}.Debug|Any CPU.ActiveCfg = Debug|Any CPU
		{7041F87F-B7E9-4C00-B1B5-27C8FFCEBAAA}.Debug|Any CPU.Build.0 = Debug|Any CPU
		{7041F87F-B7E9-4C00-B1B5-27C8FFCEBAAA}.Release|Any CPU.ActiveCfg = Release|Any CPU
		{7041F87F-B7E9-4C00-B1B5-27C8FFCEBAAA}.Release|Any CPU.Build.0 = Release|Any CPU
	EndGlobalSection
	GlobalSection(SolutionProperties) = preSolution
		HideSolutionNode = FALSE
	EndGlobalSection
	GlobalSection(ExtensibilityGlobals) = postSolution
		SolutionGuid = {EA53381F-95EB-4764-B027-3A61977CD5BC}
	EndGlobalSection
EndGlobal
